
Microsoft Visual Studio Solution File, Format Version 12.00
# Visual Studio 14
VisualStudioVersion = 14.0.25420.1
MinimumVisualStudioVersion = 10.0.40219.1
Project("{F088123C-0E9E-452A-89E6-6BA2F21D5CAC}") = "Diagrammer", "Diagrammer\Diagrammer.modelproj", "{A62F4694-E3CE-4DA7-AB61-0290A07CDE73}"
EndProject
Project("{FAE04EC0-301F-11D3-BF4B-00C04F79EFBC}") = "BestillingApp", "BestillingApp\BestillingApp.csproj", "{3EF4B4B6-AE82-4B93-B793-534BACD0AA74}"
EndProject
Project("{FAE04EC0-301F-11D3-BF4B-00C04F79EFBC}") = "BestillingWebService", "BestillingWebService\BestillingWebService.csproj", "{23305358-EE77-446E-AB9E-497CC51FE5E5}"
EndProject
Project("{FAE04EC0-301F-11D3-BF4B-00C04F79EFBC}") = "BestillingWebService.Tests", "BestillingWebService.Tests\BestillingWebService.Tests.csproj", "{FF7C45AD-81E8-4499-B22E-3BAE5FD747F5}"
EndProject
Global
	GlobalSection(SolutionConfigurationPlatforms) = preSolution
		Debug|Any CPU = Debug|Any CPU
		Debug|ARM = Debug|ARM
		Debug|x64 = Debug|x64
		Debug|x86 = Debug|x86
		Release|Any CPU = Release|Any CPU
		Release|ARM = Release|ARM
		Release|x64 = Release|x64
		Release|x86 = Release|x86
	EndGlobalSection
	GlobalSection(ProjectConfigurationPlatforms) = postSolution
		{A62F4694-E3CE-4DA7-AB61-0290A07CDE73}.Debug|Any CPU.ActiveCfg = Debug|Any CPU
		{A62F4694-E3CE-4DA7-AB61-0290A07CDE73}.Debug|Any CPU.Build.0 = Debug|Any CPU
		{A62F4694-E3CE-4DA7-AB61-0290A07CDE73}.Debug|ARM.ActiveCfg = Debug|Any CPU
		{A62F4694-E3CE-4DA7-AB61-0290A07CDE73}.Debug|ARM.Build.0 = Debug|Any CPU
		{A62F4694-E3CE-4DA7-AB61-0290A07CDE73}.Debug|x64.ActiveCfg = Debug|Any CPU
		{A62F4694-E3CE-4DA7-AB61-0290A07CDE73}.Debug|x64.Build.0 = Debug|Any CPU
		{A62F4694-E3CE-4DA7-AB61-0290A07CDE73}.Debug|x86.ActiveCfg = Debug|Any CPU
		{A62F4694-E3CE-4DA7-AB61-0290A07CDE73}.Debug|x86.Build.0 = Debug|Any CPU
		{A62F4694-E3CE-4DA7-AB61-0290A07CDE73}.Release|Any CPU.ActiveCfg = Release|Any CPU
		{A62F4694-E3CE-4DA7-AB61-0290A07CDE73}.Release|Any CPU.Build.0 = Release|Any CPU
		{A62F4694-E3CE-4DA7-AB61-0290A07CDE73}.Release|ARM.ActiveCfg = Release|Any CPU
		{A62F4694-E3CE-4DA7-AB61-0290A07CDE73}.Release|ARM.Build.0 = Release|Any CPU
		{A62F4694-E3CE-4DA7-AB61-0290A07CDE73}.Release|x64.ActiveCfg = Release|Any CPU
		{A62F4694-E3CE-4DA7-AB61-0290A07CDE73}.Release|x64.Build.0 = Release|Any CPU
		{A62F4694-E3CE-4DA7-AB61-0290A07CDE73}.Release|x86.ActiveCfg = Release|Any CPU
		{A62F4694-E3CE-4DA7-AB61-0290A07CDE73}.Release|x86.Build.0 = Release|Any CPU
		{3EF4B4B6-AE82-4B93-B793-534BACD0AA74}.Debug|Any CPU.ActiveCfg = Debug|x86
		{3EF4B4B6-AE82-4B93-B793-534BACD0AA74}.Debug|ARM.ActiveCfg = Debug|ARM
		{3EF4B4B6-AE82-4B93-B793-534BACD0AA74}.Debug|ARM.Build.0 = Debug|ARM
		{3EF4B4B6-AE82-4B93-B793-534BACD0AA74}.Debug|ARM.Deploy.0 = Debug|ARM
		{3EF4B4B6-AE82-4B93-B793-534BACD0AA74}.Debug|x64.ActiveCfg = Debug|x64
		{3EF4B4B6-AE82-4B93-B793-534BACD0AA74}.Debug|x64.Build.0 = Debug|x64
		{3EF4B4B6-AE82-4B93-B793-534BACD0AA74}.Debug|x64.Deploy.0 = Debug|x64
		{3EF4B4B6-AE82-4B93-B793-534BACD0AA74}.Debug|x86.ActiveCfg = Debug|x86
		{3EF4B4B6-AE82-4B93-B793-534BACD0AA74}.Debug|x86.Build.0 = Debug|x86
		{3EF4B4B6-AE82-4B93-B793-534BACD0AA74}.Debug|x86.Deploy.0 = Debug|x86
		{3EF4B4B6-AE82-4B93-B793-534BACD0AA74}.Release|Any CPU.ActiveCfg = Release|x86
		{3EF4B4B6-AE82-4B93-B793-534BACD0AA74}.Release|ARM.ActiveCfg = Release|ARM
		{3EF4B4B6-AE82-4B93-B793-534BACD0AA74}.Release|ARM.Build.0 = Release|ARM
		{3EF4B4B6-AE82-4B93-B793-534BACD0AA74}.Release|ARM.Deploy.0 = Release|ARM
		{3EF4B4B6-AE82-4B93-B793-534BACD0AA74}.Release|x64.ActiveCfg = Release|x64
		{3EF4B4B6-AE82-4B93-B793-534BACD0AA74}.Release|x64.Build.0 = Release|x64
		{3EF4B4B6-AE82-4B93-B793-534BACD0AA74}.Release|x64.Deploy.0 = Release|x64
		{3EF4B4B6-AE82-4B93-B793-534BACD0AA74}.Release|x86.ActiveCfg = Release|x86
		{3EF4B4B6-AE82-4B93-B793-534BACD0AA74}.Release|x86.Build.0 = Release|x86
		{3EF4B4B6-AE82-4B93-B793-534BACD0AA74}.Release|x86.Deploy.0 = Release|x86
		{23305358-EE77-446E-AB9E-497CC51FE5E5}.Debug|Any CPU.ActiveCfg = Debug|Any CPU
		{23305358-EE77-446E-AB9E-497CC51FE5E5}.Debug|Any CPU.Build.0 = Debug|Any CPU
		{23305358-EE77-446E-AB9E-497CC51FE5E5}.Debug|ARM.ActiveCfg = Debug|Any CPU
		{23305358-EE77-446E-AB9E-497CC51FE5E5}.Debug|ARM.Build.0 = Debug|Any CPU
		{23305358-EE77-446E-AB9E-497CC51FE5E5}.Debug|x64.ActiveCfg = Debug|Any CPU
		{23305358-EE77-446E-AB9E-497CC51FE5E5}.Debug|x64.Build.0 = Debug|Any CPU
		{23305358-EE77-446E-AB9E-497CC51FE5E5}.Debug|x86.ActiveCfg = Debug|Any CPU
		{23305358-EE77-446E-AB9E-497CC51FE5E5}.Debug|x86.Build.0 = Debug|Any CPU
		{23305358-EE77-446E-AB9E-497CC51FE5E5}.Release|Any CPU.ActiveCfg = Release|Any CPU
		{23305358-EE77-446E-AB9E-497CC51FE5E5}.Release|Any CPU.Build.0 = Release|Any CPU
		{23305358-EE77-446E-AB9E-497CC51FE5E5}.Release|ARM.ActiveCfg = Release|Any CPU
		{23305358-EE77-446E-AB9E-497CC51FE5E5}.Release|ARM.Build.0 = Release|Any CPU
		{23305358-EE77-446E-AB9E-497CC51FE5E5}.Release|x64.ActiveCfg = Release|Any CPU
		{23305358-EE77-446E-AB9E-497CC51FE5E5}.Release|x64.Build.0 = Release|Any CPU
		{23305358-EE77-446E-AB9E-497CC51FE5E5}.Release|x86.ActiveCfg = Release|Any CPU
		{23305358-EE77-446E-AB9E-497CC51FE5E5}.Release|x86.Build.0 = Release|Any CPU
		{FF7C45AD-81E8-4499-B22E-3BAE5FD747F5}.Debug|Any CPU.ActiveCfg = Debug|Any CPU
		{FF7C45AD-81E8-4499-B22E-3BAE5FD747F5}.Debug|Any CPU.Build.0 = Debug|Any CPU
		{FF7C45AD-81E8-4499-B22E-3BAE5FD747F5}.Debug|ARM.ActiveCfg = Debug|Any CPU
		{FF7C45AD-81E8-4499-B22E-3BAE5FD747F5}.Debug|ARM.Build.0 = Debug|Any CPU
		{FF7C45AD-81E8-4499-B22E-3BAE5FD747F5}.Debug|x64.ActiveCfg = Debug|Any CPU
		{FF7C45AD-81E8-4499-B22E-3BAE5FD747F5}.Debug|x64.Build.0 = Debug|Any CPU
		{FF7C45AD-81E8-4499-B22E-3BAE5FD747F5}.Debug|x86.ActiveCfg = Debug|Any CPU
		{FF7C45AD-81E8-4499-B22E-3BAE5FD747F5}.Debug|x86.Build.0 = Debug|Any CPU
		{FF7C45AD-81E8-4499-B22E-3BAE5FD747F5}.Release|Any CPU.ActiveCfg = Release|Any CPU
		{FF7C45AD-81E8-4499-B22E-3BAE5FD747F5}.Release|Any CPU.Build.0 = Release|Any CPU
		{FF7C45AD-81E8-4499-B22E-3BAE5FD747F5}.Release|ARM.ActiveCfg = Release|Any CPU
		{FF7C45AD-81E8-4499-B22E-3BAE5FD747F5}.Release|ARM.Build.0 = Release|Any CPU
		{FF7C45AD-81E8-4499-B22E-3BAE5FD747F5}.Release|x64.ActiveCfg = Release|Any CPU
		{FF7C45AD-81E8-4499-B22E-3BAE5FD747F5}.Release|x64.Build.0 = Release|Any CPU
		{FF7C45AD-81E8-4499-B22E-3BAE5FD747F5}.Release|x86.ActiveCfg = Release|Any CPU
		{FF7C45AD-81E8-4499-B22E-3BAE5FD747F5}.Release|x86.Build.0 = Release|Any CPU
	EndGlobalSection
	GlobalSection(SolutionProperties) = preSolution
		HideSolutionNode = FALSE
	EndGlobalSection
EndGlobal
